%{"flow": {:hex, :flow, "0.11.0", "6ca9a05f33e3df10bc2ab847ad470523d3a01673456049a60110467d2f31bd58", [:mix], [{:gen_stage, "~> 0.11.0", [hex: :gen_stage, optional: false]}]},
  "gen_stage": {:hex, :gen_stage, "0.11.0", "943bdfa85c75fa624e0a36a9d135baad20a523be040178f5a215444b45c66ea4", [:mix], []},
  "junit_formatter": {:hex, :junit_formatter, "1.1.0", "dbffc4f8123a57bd167e99223aca1b3bbeaa4aede9b5151cfd5739d21001c9cf", [:mix], []}}
